github.com/hapakaien/hugo-themes/nyerat v0.5.0 h1:OjPiCPDuavzgAWuAO42opHfIBbfWyFgURffOTao/Pqo=
github.com/hapakaien/hugo-themes/nyerat v0.5.0/go.mod h1:6DUgoi2BgiMy4xzL16TkW0ydDNoN7tCbof5gIKaUlIE=
github.com/hapakaien/hugo-themes/nyerat v0.5.1 h1:hRNFPI6TR49+sHe6pVkeVx22kZPO+BMSnJ/V2mrUdm8=
github.com/hapakaien/hugo-themes/nyerat v0.5.1/go.mod h1:6DUgoi2BgiMy4xzL16TkW0ydDNoN7tCbof5gIKaUlIE=
